
Microsoft Visual Studio Solution File, Format Version 12.00
# Visual Studio Version 16
VisualStudioVersion = 16.0.31410.357
MinimumVisualStudioVersion = 10.0.40219.1
Project("{FAE04EC0-301F-11D3-BF4B-00C04F79EFBC}") = "AvanssurRecruitment", "AvanssurRecruitment\AvanssurRecruitment.csproj", "{979D2917-1981-4E6A-871B-02960B5CBCC9}"
EndProject
Global
	GlobalSection(SolutionConfigurationPlatforms) = preSolution
		Debug|Any CPU = Debug|Any CPU
		Release|Any CPU = Release|Any CPU
	EndGlobalSection
	GlobalSection(ProjectConfigurationPlatforms) = postSolution
		{979D2917-1981-4E6A-871B-02960B5CBCC9}.Debug|Any CPU.ActiveCfg = Debug|Any CPU
		{979D2917-1981-4E6A-871B-02960B5CBCC9}.Debug|Any CPU.Build.0 = Debug|Any CPU
		{979D2917-1981-4E6A-871B-02960B5CBCC9}.Release|Any CPU.ActiveCfg = Release|Any CPU
		{979D2917-1981-4E6A-871B-02960B5CBCC9}.Release|Any CPU.Build.0 = Release|Any CPU
	EndGlobalSection
	GlobalSection(SolutionProperties) = preSolution
		HideSolutionNode = FALSE
	EndGlobalSection
	GlobalSection(ExtensibilityGlobals) = postSolution
		SolutionGuid = {DD5A5FCC-4D0C-403C-8E3C-0BF3351B24FA}
	EndGlobalSection
EndGlobal
